// !$*UTF8*$!
{
	archiveVersion = 1;
	classes = {
	};
	objectVersion = 56;
	objects = {

/* Begin PBXBuildFile section */
		8B231A722C599D9400EF63D2 /* ChronologyGameApp.swift in Sources */ = {isa = PBXBuildFile; fileRef = 8B231A712C599D9400EF63D2 /* ChronologyGameApp.swift */; };
		8B231A742C599D9400EF63D2 /* ContentView.swift in Sources */ = {isa = PBXBuildFile; fileRef = 8B231A732C599D9400EF63D2 /* ContentView.swift */; };
		8B231A762C599D9400EF63D2 /* Item.swift in Sources */ = {isa = PBXBuildFile; fileRef = 8B231A752C599D9400EF63D2 /* Item.swift */; };
		8B231A782C599D9500EF63D2 /* Assets.xcassets in Resources */ = {isa = PBXBuildFile; fileRef = 8B231A772C599D9500EF63D2 /* Assets.xcassets */; };
		8B231A7C2C599D9500EF63D2 /* Preview Assets.xcassets in Resources */ = {isa = PBXBuildFile; fileRef = 8B231A7B2C599D9500EF63D2 /* Preview Assets.xcassets */; };
		8B231A862C599D9500EF63D2 /* ChronologyGameTests.swift in Sources */ = {isa = PBXBuildFile; fileRef = 8B231A852C599D9500EF63D2 /* ChronologyGameTests.swift */; };
		8B231A902C599D9500EF63D2 /* ChronologyGameUITests.swift in Sources */ = {isa = PBXBuildFile; fileRef = 8B231A8F2C599D9500EF63D2 /* ChronologyGameUITests.swift */; };
		8B231A922C599D9500EF63D2 /* ChronologyGameUITestsLaunchTests.swift in Sources */ = {isa = PBXBuildFile; fileRef = 8B231A912C599D9500EF63D2 /* ChronologyGameUITestsLaunchTests.swift */; };
/* End PBXBuildFile section */

/* Begin PBXContainerItemProxy section */
		8B231A822C599D9500EF63D2 /* PBXContainerItemProxy */ = {
			isa = PBXContainerItemProxy;
			containerPortal = 8B231A662C599D9400EF63D2 /* Project object */;
			proxyType = 1;
			remoteGlobalIDString = 8B231A6D2C599D9400EF63D2;
			remoteInfo = ChronologyGame;
		};
		8B231A8C2C599D9500EF63D2 /* PBXContainerItemProxy */ = {
			isa = PBXContainerItemProxy;
			containerPortal = 8B231A662C599D9400EF63D2 /* Project object */;
			proxyType = 1;
			remoteGlobalIDString = 8B231A6D2C599D9400EF63D2;
			remoteInfo = ChronologyGame;
		};
/* End PBXContainerItemProxy section */

/* Begin PBXFileReference section */
		8B231A6E2C599D9400EF63D2 /* ChronologyGame.app */ = {isa = PBXFileReference; explicitFileType = wrapper.application; includeInIndex = 0; path = ChronologyGame.app; sourceTree = BUILT_PRODUCTS_DIR; };
		8B231A712C599D9400EF63D2 /* ChronologyGameApp.swift */ = {isa = PBXFileReference; lastKnownFileType = sourcecode.swift; path = ChronologyGameApp.swift; sourceTree = "<group>"; };
		8B231A732C599D9400EF63D2 /* ContentView.swift */ = {isa = PBXFileReference; lastKnownFileType = sourcecode.swift; path = ContentView.swift; sourceTree = "<group>"; };
		8B231A752C599D9400EF63D2 /* Item.swift */ = {isa = PBXFileReference; lastKnownFileType = sourcecode.swift; path = Item.swift; sourceTree = "<group>"; };
		8B231A772C599D9500EF63D2 /* Assets.xcassets */ = {isa = PBXFileReference; lastKnownFileType = folder.assetcatalog; path = Assets.xcassets; sourceTree = "<group>"; };
		8B231A792C599D9500EF63D2 /* ChronologyGame.entitlements */ = {isa = PBXFileReference; lastKnownFileType = text.plist.entitlements; path = ChronologyGame.entitlements; sourceTree = "<group>"; };
		8B231A7B2C599D9500EF63D2 /* Preview Assets.xcassets */ = {isa = PBXFileReference; lastKnownFileType = folder.assetcatalog; path = "Preview Assets.xcassets"; sourceTree = "<group>"; };
		8B231A812C599D9500EF63D2 /* ChronologyGameTests.xctest */ = {isa = PBXFileReference; explicitFileType = wrapper.cfbundle; includeInIndex = 0; path = ChronologyGameTests.xctest; sourceTree = BUILT_PRODUCTS_DIR; };
		8B231A852C599D9500EF63D2 /* ChronologyGameTests.swift */ = {isa = PBXFileReference; lastKnownFileType = sourcecode.swift; path = ChronologyGameTests.swift; sourceTree = "<group>"; };
		8B231A8B2C599D9500EF63D2 /* ChronologyGameUITests.xctest */ = {isa = PBXFileReference; explicitFileType = wrapper.cfbundle; includeInIndex = 0; path = ChronologyGameUITests.xctest; sourceTree = BUILT_PRODUCTS_DIR; };
		8B231A8F2C599D9500EF63D2 /* ChronologyGameUITests.swift */ = {isa = PBXFileReference; lastKnownFileType = sourcecode.swift; path = ChronologyGameUITests.swift; sourceTree = "<group>"; };
		8B231A912C599D9500EF63D2 /* ChronologyGameUITestsLaunchTests.swift */ = {isa = PBXFileReference; lastKnownFileType = sourcecode.swift; path = ChronologyGameUITestsLaunchTests.swift; sourceTree = "<group>"; };
/* End PBXFileReference section */

/* Begin PBXFrameworksBuildPhase section */
		8B231A6B2C599D9400EF63D2 /* Frameworks */ = {
			isa = PBXFrameworksBuildPhase;
			buildActionMask = 2147483647;
			files = (
			);
			runOnlyForDeploymentPostprocessing = 0;
		};
		8B231A7E2C599D9500EF63D2 /* Frameworks */ = {
			isa = PBXFrameworksBuildPhase;
			buildActionMask = 2147483647;
			files = (
			);
			runOnlyForDeploymentPostprocessing = 0;
		};
		8B231A882C599D9500EF63D2 /* Frameworks */ = {
			isa = PBXFrameworksBuildPhase;
			buildActionMask = 2147483647;
			files = (
			);
			runOnlyForDeploymentPostprocessing = 0;
		};
/* End PBXFrameworksBuildPhase section */

/* Begin PBXGroup section */
		8B231A652C599D9400EF63D2 = {
			isa = PBXGroup;
			children = (
				8B231A702C599D9400EF63D2 /* ChronologyGame */,
				8B231A842C599D9500EF63D2 /* ChronologyGameTests */,
				8B231A8E2C599D9500EF63D2 /* ChronologyGameUITests */,
				8B231A6F2C599D9400EF63D2 /* Products */,
			);
			sourceTree = "<group>";
		};
		8B231A6F2C599D9400EF63D2 /* Products */ = {
			isa = PBXGroup;
			children = (
				8B231A6E2C599D9400EF63D2 /* ChronologyGame.app */,
				8B231A812C599D9500EF63D2 /* ChronologyGameTests.xctest */,
				8B231A8B2C599D9500EF63D2 /* ChronologyGameUITests.xctest */,
			);
			name = Products;
			sourceTree = "<group>";
		};
		8B231A702C599D9400EF63D2 /* ChronologyGame */ = {
			isa = PBXGroup;
			children = (
				8B231A712C599D9400EF63D2 /* ChronologyGameApp.swift */,
				8B231A732C599D9400EF63D2 /* ContentView.swift */,
				8B231A752C599D9400EF63D2 /* Item.swift */,
				8B231A772C599D9500EF63D2 /* Assets.xcassets */,
				8B231A792C599D9500EF63D2 /* ChronologyGame.entitlements */,
				8B231A7A2C599D9500EF63D2 /* Preview Content */,
			);
			path = ChronologyGame;
			sourceTree = "<group>";
		};
		8B231A7A2C599D9500EF63D2 /* Preview Content */ = {
			isa = PBXGroup;
			children = (
				8B231A7B2C599D9500EF63D2 /* Preview Assets.xcassets */,
			);
			path = "Preview Content";
			sourceTree = "<group>";
		};
		8B231A842C599D9500EF63D2 /* ChronologyGameTests */ = {
			isa = PBXGroup;
			children = (
				8B231A852C599D9500EF63D2 /* ChronologyGameTests.swift */,
			);
			path = ChronologyGameTests;
			sourceTree = "<group>";
		};
		8B231A8E2C599D9500EF63D2 /* ChronologyGameUITests */ = {
			isa = PBXGroup;
			children = (
				8B231A8F2C599D9500EF63D2 /* ChronologyGameUITests.swift */,
				8B231A912C599D9500EF63D2 /* ChronologyGameUITestsLaunchTests.swift */,
			);
			path = ChronologyGameUITests;
			sourceTree = "<group>";
		};
/* End PBXGroup section */

/* Begin PBXNativeTarget section */
		8B231A6D2C599D9400EF63D2 /* ChronologyGame */ = {
			isa = PBXNativeTarget;
			buildConfigurationList = 8B231A952C599D9500EF63D2 /* Build configuration list for PBXNativeTarget "ChronologyGame" */;
			buildPhases = (
				8B231A6A2C599D9400EF63D2 /* Sources */,
				8B231A6B2C599D9400EF63D2 /* Frameworks */,
				8B231A6C2C599D9400EF63D2 /* Resources */,
			);
			buildRules = (
			);
			dependencies = (
			);
			name = ChronologyGame;
			productName = ChronologyGame;
			productReference = 8B231A6E2C599D9400EF63D2 /* ChronologyGame.app */;
			productType = "com.apple.product-type.application";
		};
		8B231A802C599D9500EF63D2 /* ChronologyGameTests */ = {
			isa = PBXNativeTarget;
			buildConfigurationList = 8B231A982C599D9500EF63D2 /* Build configuration list for PBXNativeTarget "ChronologyGameTests" */;
			buildPhases = (
				8B231A7D2C599D9500EF63D2 /* Sources */,
				8B231A7E2C599D9500EF63D2 /* Frameworks */,
				8B231A7F2C599D9500EF63D2 /* Resources */,
			);
			buildRules = (
			);
			dependencies = (
				8B231A832C599D9500EF63D2 /* PBXTargetDependency */,
			);
			name = ChronologyGameTests;
			productName = ChronologyGameTests;
			productReference = 8B231A812C599D9500EF63D2 /* ChronologyGameTests.xctest */;
			productType = "com.apple.product-type.bundle.unit-test";
		};
		8B231A8A2C599D9500EF63D2 /* ChronologyGameUITests */ = {
			isa = PBXNativeTarget;
			buildConfigurationList = 8B231A9B2C599D9500EF63D2 /* Build configuration list for PBXNativeTarget "ChronologyGameUITests" */;
			buildPhases = (
				8B231A872C599D9500EF63D2 /* Sources */,
				8B231A882C599D9500EF63D2 /* Frameworks */,
				8B231A892C599D9500EF63D2 /* Resources */,
			);
			buildRules = (
			);
			dependencies = (
				8B231A8D2C599D9500EF63D2 /* PBXTargetDependency */,
			);
			name = ChronologyGameUITests;
			productName = ChronologyGameUITests;
			productReference = 8B231A8B2C599D9500EF63D2 /* ChronologyGameUITests.xctest */;
			productType = "com.apple.product-type.bundle.ui-testing";
		};
/* End PBXNativeTarget section */

/* Begin PBXProject section */
		8B231A662C599D9400EF63D2 /* Project object */ = {
			isa = PBXProject;
			attributes = {
				BuildIndependentTargetsInParallel = 1;
				LastSwiftUpdateCheck = 1540;
				LastUpgradeCheck = 1540;
				TargetAttributes = {
					8B231A6D2C599D9400EF63D2 = {
						CreatedOnToolsVersion = 15.4;
					};
					8B231A802C599D9500EF63D2 = {
						CreatedOnToolsVersion = 15.4;
						TestTargetID = 8B231A6D2C599D9400EF63D2;
					};
					8B231A8A2C599D9500EF63D2 = {
						CreatedOnToolsVersion = 15.4;
						TestTargetID = 8B231A6D2C599D9400EF63D2;
					};
				};
			};
			buildConfigurationList = 8B231A692C599D9400EF63D2 /* Build configuration list for PBXProject "ChronologyGame" */;
			compatibilityVersion = "Xcode 14.0";
			developmentRegion = en;
			hasScannedForEncodings = 0;
			knownRegions = (
				en,
				Base,
			);
			mainGroup = 8B231A652C599D9400EF63D2;
			productRefGroup = 8B231A6F2C599D9400EF63D2 /* Products */;
			projectDirPath = "";
			projectRoot = "";
			targets = (
				8B231A6D2C599D9400EF63D2 /* ChronologyGame */,
				8B231A802C599D9500EF63D2 /* ChronologyGameTests */,
				8B231A8A2C599D9500EF63D2 /* ChronologyGameUITests */,
			);
		};
/* End PBXProject section */

/* Begin PBXResourcesBuildPhase section */
		8B231A6C2C599D9400EF63D2 /* Resources */ = {
			isa = PBXResourcesBuildPhase;
			buildActionMask = 2147483647;
			files = (
				8B231A7C2C599D9500EF63D2 /* Preview Assets.xcassets in Resources */,
				8B231A782C599D9500EF63D2 /* Assets.xcassets in Resources */,
			);
			runOnlyForDeploymentPostprocessing = 0;
		};
		8B231A7F2C599D9500EF63D2 /* Resources */ = {
			isa = PBXResourcesBuildPhase;
			buildActionMask = 2147483647;
			files = (
			);
			runOnlyForDeploymentPostprocessing = 0;
		};
		8B231A892C599D9500EF63D2 /* Resources */ = {
			isa = PBXResourcesBuildPhase;
			buildActionMask = 2147483647;
			files = (
			);
			runOnlyForDeploymentPostprocessing = 0;
		};
/* End PBXResourcesBuildPhase section */

/* Begin PBXSourcesBuildPhase section */
		8B231A6A2C599D9400EF63D2 /* Sources */ = {
			isa = PBXSourcesBuildPhase;
			buildActionMask = 2147483647;
			files = (
				8B231A742C599D9400EF63D2 /* ContentView.swift in Sources */,
				8B231A762C599D9400EF63D2 /* Item.swift in Sources */,
				8B231A722C599D9400EF63D2 /* ChronologyGameApp.swift in Sources */,
			);
			runOnlyForDeploymentPostprocessing = 0;
		};
		8B231A7D2C599D9500EF63D2 /* Sources */ = {
			isa = PBXSourcesBuildPhase;
			buildActionMask = 2147483647;
			files = (
				8B231A862C599D9500EF63D2 /* ChronologyGameTests.swift in Sources */,
			);
			runOnlyForDeploymentPostprocessing = 0;
		};
		8B231A872C599D9500EF63D2 /* Sources */ = {
			isa = PBXSourcesBuildPhase;
			buildActionMask = 2147483647;
			files = (
				8B231A922C599D9500EF63D2 /* ChronologyGameUITestsLaunchTests.swift in Sources */,
				8B231A902C599D9500EF63D2 /* ChronologyGameUITests.swift in Sources */,
			);
			runOnlyForDeploymentPostprocessing = 0;
		};
/* End PBXSourcesBuildPhase section */

/* Begin PBXTargetDependency section */
		8B231A832C599D9500EF63D2 /* PBXTargetDependency */ = {
			isa = PBXTargetDependency;
			target = 8B231A6D2C599D9400EF63D2 /* ChronologyGame */;
			targetProxy = 8B231A822C599D9500EF63D2 /* PBXContainerItemProxy */;
		};
		8B231A8D2C599D9500EF63D2 /* PBXTargetDependency */ = {
			isa = PBXTargetDependency;
			target = 8B231A6D2C599D9400EF63D2 /* ChronologyGame */;
			targetProxy = 8B231A8C2C599D9500EF63D2 /* PBXContainerItemProxy */;
		};
/* End PBXTargetDependency section */

/* Begin XCBuildConfiguration section */
		8B231A932C599D9500EF63D2 /* Debug */ = {
			isa = XCBuildConfiguration;
			buildSettings = {
				ALWAYS_SEARCH_USER_PATHS = NO;
				ASSETCATALOG_COMPILER_GENERATE_SWIFT_ASSET_SYMBOL_EXTENSIONS = YES;
				CLANG_ANALYZER_NONNULL = YES;
				CLANG_ANALYZER_NUMBER_OBJECT_CONVERSION = YES_AGGRESSIVE;
				CLANG_CXX_LANGUAGE_STANDARD = "gnu++20";
				CLANG_ENABLE_MODULES = YES;
				CLANG_ENABLE_OBJC_ARC = YES;
				CLANG_ENABLE_OBJC_WEAK = YES;
				CLANG_WARN_BLOCK_CAPTURE_AUTORELEASING = YES;
				CLANG_WARN_BOOL_CONVERSION = YES;
				CLANG_WARN_COMMA = YES;
				CLANG_WARN_CONSTANT_CONVERSION = YES;
				CLANG_WARN_DEPRECATED_OBJC_IMPLEMENTATIONS = YES;
				CLANG_WARN_DIRECT_OBJC_ISA_USAGE = YES_ERROR;
				CLANG_WARN_DOCUMENTATION_COMMENTS = YES;
				CLANG_WARN_EMPTY_BODY = YES;
				CLANG_WARN_ENUM_CONVERSION = YES;
				CLANG_WARN_INFINITE_RECURSION = YES;
				CLANG_WARN_INT_CONVERSION = YES;
				CLANG_WARN_NON_LITERAL_NULL_CONVERSION = YES;
				CLANG_WARN_OBJC_IMPLICIT_RETAIN_SELF = YES;
				CLANG_WARN_OBJC_LITERAL_CONVERSION = YES;
				CLANG_WARN_OBJC_ROOT_CLASS = YES_ERROR;
				CLANG_WARN_QUOTED_INCLUDE_IN_FRAMEWORK_HEADER = YES;
				CLANG_WARN_RANGE_LOOP_ANALYSIS = YES;
				CLANG_WARN_STRICT_PROTOTYPES = YES;
				CLANG_WARN_SUSPICIOUS_MOVE = YES;
				CLANG_WARN_UNGUARDED_AVAILABILITY = YES_AGGRESSIVE;
				CLANG_WARN_UNREACHABLE_CODE = YES;
				CLANG_WARN__DUPLICATE_METHOD_MATCH = YES;
				COPY_PHASE_STRIP = NO;
				DEBUG_INFORMATION_FORMAT = dwarf;
				ENABLE_STRICT_OBJC_MSGSEND = YES;
				ENABLE_TESTABILITY = YES;
				ENABLE_USER_SCRIPT_SANDBOXING = YES;
				GCC_C_LANGUAGE_STANDARD = gnu17;
				GCC_DYNAMIC_NO_PIC = NO;
				GCC_NO_COMMON_BLOCKS = YES;
				GCC_OPTIMIZATION_LEVEL = 0;
				GCC_PREPROCESSOR_DEFINITIONS = (
					"DEBUG=1",
					"$(inherited)",
				);
				GCC_WARN_64_TO_32_BIT_CONVERSION = YES;
				GCC_WARN_ABOUT_RETURN_TYPE = YES_ERROR;
				GCC_WARN_UNDECLARED_SELECTOR = YES;
				GCC_WARN_UNINITIALIZED_AUTOS = YES_AGGRESSIVE;
				GCC_WARN_UNUSED_FUNCTION = YES;
				GCC_WARN_UNUSED_VARIABLE = YES;
				LOCALIZATION_PREFERS_STRING_CATALOGS = YES;
				MTL_ENABLE_DEBUG_INFO = INCLUDE_SOURCE;
				MTL_FAST_MATH = YES;
				ONLY_ACTIVE_ARCH = YES;
				SWIFT_ACTIVE_COMPILATION_CONDITIONS = "DEBUG $(inherited)";
				SWIFT_OPTIMIZATION_LEVEL = "-Onone";
			};
			name = Debug;
		};
		8B231A942C599D9500EF63D2 /* Release */ = {
			isa = XCBuildConfiguration;
			buildSettings = {
				ALWAYS_SEARCH_USER_PATHS = NO;
				ASSETCATALOG_COMPILER_GENERATE_SWIFT_ASSET_SYMBOL_EXTENSIONS = YES;
				CLANG_ANALYZER_NONNULL = YES;
				CLANG_ANALYZER_NUMBER_OBJECT_CONVERSION = YES_AGGRESSIVE;
				CLANG_CXX_LANGUAGE_STANDARD = "gnu++20";
				CLANG_ENABLE_MODULES = YES;
				CLANG_ENABLE_OBJC_ARC = YES;
				CLANG_ENABLE_OBJC_WEAK = YES;
				CLANG_WARN_BLOCK_CAPTURE_AUTORELEASING = YES;
				CLANG_WARN_BOOL_CONVERSION = YES;
				CLANG_WARN_COMMA = YES;
				CLANG_WARN_CONSTANT_CONVERSION = YES;
				CLANG_WARN_DEPRECATED_OBJC_IMPLEMENTATIONS = YES;
				CLANG_WARN_DIRECT_OBJC_ISA_USAGE = YES_ERROR;
				CLANG_WARN_DOCUMENTATION_COMMENTS = YES;
				CLANG_WARN_EMPTY_BODY = YES;
				CLANG_WARN_ENUM_CONVERSION = YES;
				CLANG_WARN_INFINITE_RECURSION = YES;
				CLANG_WARN_INT_CONVERSION = YES;
				CLANG_WARN_NON_LITERAL_NULL_CONVERSION = YES;
				CLANG_WARN_OBJC_IMPLICIT_RETAIN_SELF = YES;
				CLANG_WARN_OBJC_LITERAL_CONVERSION = YES;
				CLANG_WARN_OBJC_ROOT_CLASS = YES_ERROR;
				CLANG_WARN_QUOTED_INCLUDE_IN_FRAMEWORK_HEADER = YES;
				CLANG_WARN_RANGE_LOOP_ANALYSIS = YES;
				CLANG_WARN_STRICT_PROTOTYPES = YES;
				CLANG_WARN_SUSPICIOUS_MOVE = YES;
				CLANG_WARN_UNGUARDED_AVAILABILITY = YES_AGGRESSIVE;
				CLANG_WARN_UNREACHABLE_CODE = YES;
				CLANG_WARN__DUPLICATE_METHOD_MATCH = YES;
				COPY_PHASE_STRIP = NO;
				DEBUG_INFORMATION_FORMAT = "dwarf-with-dsym";
				ENABLE_NS_ASSERTIONS = NO;
				ENABLE_STRICT_OBJC_MSGSEND = YES;
				ENABLE_USER_SCRIPT_SANDBOXING = YES;
				GCC_C_LANGUAGE_STANDARD = gnu17;
				GCC_NO_COMMON_BLOCKS = YES;
				GCC_WARN_64_TO_32_BIT_CONVERSION = YES;
				GCC_WARN_ABOUT_RETURN_TYPE = YES_ERROR;
				GCC_WARN_UNDECLARED_SELECTOR = YES;
				GCC_WARN_UNINITIALIZED_AUTOS = YES_AGGRESSIVE;
				GCC_WARN_UNUSED_FUNCTION = YES;
				GCC_WARN_UNUSED_VARIABLE = YES;
				LOCALIZATION_PREFERS_STRING_CATALOGS = YES;
				MTL_ENABLE_DEBUG_INFO = NO;
				MTL_FAST_MATH = YES;
				SWIFT_COMPILATION_MODE = wholemodule;
			};
			name = Release;
		};
		8B231A962C599D9500EF63D2 /* Debug */ = {
			isa = XCBuildConfiguration;
			buildSettings = {
				ASSETCATALOG_COMPILER_APPICON_NAME = AppIcon;
				ASSETCATALOG_COMPILER_GLOBAL_ACCENT_COLOR_NAME = AccentColor;
				CODE_SIGN_ENTITLEMENTS = ChronologyGame/ChronologyGame.entitlements;
				CODE_SIGN_STYLE = Automatic;
				CURRENT_PROJECT_VERSION = 1;
				DEVELOPMENT_ASSET_PATHS = "\"ChronologyGame/Preview Content\"";
				DEVELOPMENT_TEAM = HDT29XX2Q2;
				ENABLE_HARDENED_RUNTIME = YES;
				ENABLE_PREVIEWS = YES;
				GENERATE_INFOPLIST_FILE = YES;
				"INFOPLIST_KEY_UIApplicationSceneManifest_Generation[sdk=iphoneos*]" = YES;
				"INFOPLIST_KEY_UIApplicationSceneManifest_Generation[sdk=iphonesimulator*]" = YES;
				"INFOPLIST_KEY_UIApplicationSupportsIndirectInputEvents[sdk=iphoneos*]" = YES;
				"INFOPLIST_KEY_UIApplicationSupportsIndirectInputEvents[sdk=iphonesimulator*]" = YES;
				"INFOPLIST_KEY_UILaunchScreen_Generation[sdk=iphoneos*]" = YES;
				"INFOPLIST_KEY_UILaunchScreen_Generation[sdk=iphonesimulator*]" = YES;
				"INFOPLIST_KEY_UIStatusBarStyle[sdk=iphoneos*]" = UIStatusBarStyleDefault;
				"INFOPLIST_KEY_UIStatusBarStyle[sdk=iphonesimulator*]" = UIStatusBarStyleDefault;
				INFOPLIST_KEY_UISupportedInterfaceOrientations_iPad = "UIInterfaceOrientationPortrait UIInterfaceOrientationPortraitUpsideDown UIInterfaceOrientationLandscapeLeft UIInterfaceOrientationLandscapeRight";
				INFOPLIST_KEY_UISupportedInterfaceOrientations_iPhone = "UIInterfaceOrientationPortrait UIInterfaceOrientationLandscapeLeft UIInterfaceOrientationLandscapeRight";
				IPHONEOS_DEPLOYMENT_TARGET = 17.5;
				LD_RUNPATH_SEARCH_PATHS = "@executable_path/Frameworks";
				"LD_RUNPATH_SEARCH_PATHS[sdk=macosx*]" = "@executable_path/../Frameworks";
				MACOSX_DEPLOYMENT_TARGET = 14.0;
				MARKETING_VERSION = 1.0;
				PRODUCT_BUNDLE_IDENTIFIER = CJProtoType.ChronologyGame;
				PRODUCT_NAME = "$(TARGET_NAME)";
				SDKROOT = auto;
				SUPPORTED_PLATFORMS = "iphoneos iphonesimulator macosx";
				SWIFT_EMIT_LOC_STRINGS = YES;
				SWIFT_VERSION = 5.0;
				TARGETED_DEVICE_FAMILY = "1,2";
			};
			name = Debug;
		};
		8B231A972C599D9500EF63D2 /* Release */ = {
			isa = XCBuildConfiguration;
			buildSettings = {
				ASSETCATALOG_COMPILER_APPICON_NAME = AppIcon;
				ASSETCATALOG_COMPILER_GLOBAL_ACCENT_COLOR_NAME = AccentColor;
				CODE_SIGN_ENTITLEMENTS = ChronologyGame/ChronologyGame.entitlements;
				CODE_SIGN_STYLE = Automatic;
				CURRENT_PROJECT_VERSION = 1;
				DEVELOPMENT_ASSET_PATHS = "\"ChronologyGame/Preview Content\"";
				DEVELOPMENT_TEAM = HDT29XX2Q2;
				ENABLE_HARDENED_RUNTIME = YES;
				ENABLE_PREVIEWS = YES;
				GENERATE_INFOPLIST_FILE = YES;
				"INFOPLIST_KEY_UIApplicationSceneManifest_Generation[sdk=iphoneos*]" = YES;
				"INFOPLIST_KEY_UIApplicationSceneManifest_Generation[sdk=iphonesimulator*]" = YES;
				"INFOPLIST_KEY_UIApplicationSupportsIndirectInputEvents[sdk=iphoneos*]" = YES;
				"INFOPLIST_KEY_UIApplicationSupportsIndirectInputEvents[sdk=iphonesimulator*]" = YES;
				"INFOPLIST_KEY_UILaunchScreen_Generation[sdk=iphoneos*]" = YES;
				"INFOPLIST_KEY_UILaunchScreen_Generation[sdk=iphonesimulator*]" = YES;
				"INFOPLIST_KEY_UIStatusBarStyle[sdk=iphoneos*]" = UIStatusBarStyleDefault;
				"INFOPLIST_KEY_UIStatusBarStyle[sdk=iphonesimulator*]" = UIStatusBarStyleDefault;
				INFOPLIST_KEY_UISupportedInterfaceOrientations_iPad = "UIInterfaceOrientationPortrait UIInterfaceOrientationPortraitUpsideDown UIInterfaceOrientationLandscapeLeft UIInterfaceOrientationLandscapeRight";
				INFOPLIST_KEY_UISupportedInterfaceOrientations_iPhone = "UIInterfaceOrientationPortrait UIInterfaceOrientationLandscapeLeft UIInterfaceOrientationLandscapeRight";
				IPHONEOS_DEPLOYMENT_TARGET = 17.5;
				LD_RUNPATH_SEARCH_PATHS = "@executable_path/Frameworks";
				"LD_RUNPATH_SEARCH_PATHS[sdk=macosx*]" = "@executable_path/../Frameworks";
				MACOSX_DEPLOYMENT_TARGET = 14.0;
				MARKETING_VERSION = 1.0;
				PRODUCT_BUNDLE_IDENTIFIER = CJProtoType.ChronologyGame;
				PRODUCT_NAME = "$(TARGET_NAME)";
				SDKROOT = auto;
				SUPPORTED_PLATFORMS = "iphoneos iphonesimulator macosx";
				SWIFT_EMIT_LOC_STRINGS = YES;
				SWIFT_VERSION = 5.0;
				TARGETED_DEVICE_FAMILY = "1,2";
			};
			name = Release;
		};
		8B231A992C599D9500EF63D2 /* Debug */ = {
			isa = XCBuildConfiguration;
			buildSettings = {
				ALWAYS_EMBED_SWIFT_STANDARD_LIBRARIES = YES;
				BUNDLE_LOADER = "$(TEST_HOST)";
				CODE_SIGN_STYLE = Automatic;
				CURRENT_PROJECT_VERSION = 1;
				DEVELOPMENT_TEAM = HDT29XX2Q2;
				GENERATE_INFOPLIST_FILE = YES;
				IPHONEOS_DEPLOYMENT_TARGET = 17.5;
				MACOSX_DEPLOYMENT_TARGET = 14.5;
				MARKETING_VERSION = 1.0;
				PRODUCT_BUNDLE_IDENTIFIER = CJProtoType.ChronologyGameTests;
				PRODUCT_NAME = "$(TARGET_NAME)";
				SDKROOT = auto;
				SUPPORTED_PLATFORMS = "iphoneos iphonesimulator macosx";
				SWIFT_EMIT_LOC_STRINGS = NO;
				SWIFT_VERSION = 5.0;
				TARGETED_DEVICE_FAMILY = "1,2";
				TEST_HOST = "$(BUILT_PRODUCTS_DIR)/ChronologyGame.app/$(BUNDLE_EXECUTABLE_FOLDER_PATH)/ChronologyGame";
			};
			name = Debug;
		};
		8B231A9A2C599D9500EF63D2 /* Release */ = {
			isa = XCBuildConfiguration;
			buildSettings = {
				ALWAYS_EMBED_SWIFT_STANDARD_LIBRARIES = YES;
				BUNDLE_LOADER = "$(TEST_HOST)";
				CODE_SIGN_STYLE = Automatic;
				CURRENT_PROJECT_VERSION = 1;
				DEVELOPMENT_TEAM = HDT29XX2Q2;
				GENERATE_INFOPLIST_FILE = YES;
				IPHONEOS_DEPLOYMENT_TARGET = 17.5;
				MACOSX_DEPLOYMENT_TARGET = 14.5;
				MARKETING_VERSION = 1.0;
				PRODUCT_BUNDLE_IDENTIFIER = CJProtoType.ChronologyGameTests;
				PRODUCT_NAME = "$(TARGET_NAME)";
				SDKROOT = auto;
				SUPPORTED_PLATFORMS = "iphoneos iphonesimulator macosx";
				SWIFT_EMIT_LOC_STRINGS = NO;
				SWIFT_VERSION = 5.0;
				TARGETED_DEVICE_FAMILY = "1,2";
				TEST_HOST = "$(BUILT_PRODUCTS_DIR)/ChronologyGame.app/$(BUNDLE_EXECUTABLE_FOLDER_PATH)/ChronologyGame";
			};
			name = Release;
		};
		8B231A9C2C599D9500EF63D2 /* Debug */ = {
			isa = XCBuildConfiguration;
			buildSettings = {
				ALWAYS_EMBED_SWIFT_STANDARD_LIBRARIES = YES;
				CODE_SIGN_STYLE = Automatic;
				CURRENT_PROJECT_VERSION = 1;
				DEVELOPMENT_TEAM = HDT29XX2Q2;
				GENERATE_INFOPLIST_FILE = YES;
				IPHONEOS_DEPLOYMENT_TARGET = 17.5;
				MACOSX_DEPLOYMENT_TARGET = 14.5;
				MARKETING_VERSION = 1.0;
				PRODUCT_BUNDLE_IDENTIFIER = CJProtoType.ChronologyGameUITests;
				PRODUCT_NAME = "$(TARGET_NAME)";
				SDKROOT = auto;
				SUPPORTED_PLATFORMS = "iphoneos iphonesimulator macosx";
				SWIFT_EMIT_LOC_STRINGS = NO;
				SWIFT_VERSION = 5.0;
				TARGETED_DEVICE_FAMILY = "1,2";
				TEST_TARGET_NAME = ChronologyGame;
			};
			name = Debug;
		};
		8B231A9D2C599D9500EF63D2 /* Release */ = {
			isa = XCBuildConfiguration;
			buildSettings = {
				ALWAYS_EMBED_SWIFT_STANDARD_LIBRARIES = YES;
				CODE_SIGN_STYLE = Automatic;
				CURRENT_PROJECT_VERSION = 1;
				DEVELOPMENT_TEAM = HDT29XX2Q2;
				GENERATE_INFOPLIST_FILE = YES;
				IPHONEOS_DEPLOYMENT_TARGET = 17.5;
				MACOSX_DEPLOYMENT_TARGET = 14.5;
				MARKETING_VERSION = 1.0;
				PRODUCT_BUNDLE_IDENTIFIER = CJProtoType.ChronologyGameUITests;
				PRODUCT_NAME = "$(TARGET_NAME)";
				SDKROOT = auto;
				SUPPORTED_PLATFORMS = "iphoneos iphonesimulator macosx";
				SWIFT_EMIT_LOC_STRINGS = NO;
				SWIFT_VERSION = 5.0;
				TARGETED_DEVICE_FAMILY = "1,2";
				TEST_TARGET_NAME = ChronologyGame;
			};
			name = Release;
		};
/* End XCBuildConfiguration section */

/* Begin XCConfigurationList section */
		8B231A692C599D9400EF63D2 /* Build configuration list for PBXProject "ChronologyGame" */ = {
			isa = XCConfigurationList;
			buildConfigurations = (
				8B231A932C599D9500EF63D2 /* Debug */,
				8B231A942C599D9500EF63D2 /* Release */,
			);
			defaultConfigurationIsVisible = 0;
			defaultConfigurationName = Release;
		};
		8B231A952C599D9500EF63D2 /* Build configuration list for PBXNativeTarget "ChronologyGame" */ = {
			isa = XCConfigurationList;
			buildConfigurations = (
				8B231A962C599D9500EF63D2 /* Debug */,
				8B231A972C599D9500EF63D2 /* Release */,
			);
			defaultConfigurationIsVisible = 0;
			defaultConfigurationName = Release;
		};
		8B231A982C599D9500EF63D2 /* Build configuration list for PBXNativeTarget "ChronologyGameTests" */ = {
			isa = XCConfigurationList;
			buildConfigurations = (
				8B231A992C599D9500EF63D2 /* Debug */,
				8B231A9A2C599D9500EF63D2 /* Release */,
			);
			defaultConfigurationIsVisible = 0;
			defaultConfigurationName = Release;
		};
		8B231A9B2C599D9500EF63D2 /* Build configuration list for PBXNativeTarget "ChronologyGameUITests" */ = {
			isa = XCConfigurationList;
			buildConfigurations = (
				8B231A9C2C599D9500EF63D2 /* Debug */,
				8B231A9D2C599D9500EF63D2 /* Release */,
			);
			defaultConfigurationIsVisible = 0;
			defaultConfigurationName = Release;
		};
/* End XCConfigurationList section */
	};
	rootObject = 8B231A662C599D9400EF63D2 /* Project object */;
}
